packages:
  react@19.2.7:
    version: 19.2.7
    resolved: https://registry.npmjs.org/react/-/react-19.2.7.tgz
    dependencies: {}
    peerDependencies: {}
    installPath: .mip/react/19.2.7
  react-dom@19.2.7:
    version: 19.2.7
    resolved: https://registry.npmjs.org/react-dom/-/react-dom-19.2.7.tgz
    dependencies:
      scheduler: ^0.27.0
    peerDependencies:
      react: ^19.2.7
    installPath: .mip/react-dom/19.2.7
  scheduler@0.27.0:
    version: 0.27.0
    resolved: https://registry.npmjs.org/scheduler/-/scheduler-0.27.0.tgz
    dependencies: {}
    peerDependencies: {}
    installPath: .mip/scheduler/0.27.0
  react-scripts@5.0.1:
    version: 5.0.1
    resolved: https://registry.npmjs.org/react-scripts/-/react-scripts-5.0.1.tgz
    dependencies:
      bfj: ^7.0.2
      jest: ^27.4.3
      dotenv: ^10.0.0
      eslint: ^8.3.0
      semver: ^7.3.5
      postcss: ^8.4.4
      prompts: ^2.4.2
      resolve: ^1.20.0
      webpack: ^5.64.4
      fs-extra: ^10.0.0
      fsevents: ^2.3.2
      camelcase: ^6.2.1
      babel-jest: ^27.4.2
      css-loader: ^6.5.1
      '@babel/core': ^7.16.0
      file-loader: ^6.2.0
      sass-loader: ^12.3.0
      tailwindcss: ^3.0.2
      babel-loader: ^8.2.3
      browserslist: ^4.18.1
      jest-resolve: ^27.4.2
      style-loader: ^3.3.1
      '@svgr/webpack': ^5.5.0
      dotenv-expand: ^5.1.0
      react-refresh: ^0.11.0
      postcss-loader: ^6.2.1
      react-dev-utils: ^12.0.1
      postcss-normalize: ^10.0.1
      source-map-loader: ^3.0.0
      identity-obj-proxy: ^3.0.0
      postcss-preset-env: ^7.0.1
      react-app-polyfill: ^3.0.0
      resolve-url-loader: ^4.0.0
      webpack-dev-server: ^4.6.0
      html-webpack-plugin: ^5.5.0
      jest-watch-typeahead: ^1.0.0
      eslint-webpack-plugin: ^3.1.1
      terser-webpack-plugin: ^5.2.5
      babel-preset-react-app: ^10.0.1
      postcss-flexbugs-fixes: ^5.0.2
      workbox-webpack-plugin: ^6.4.1
      eslint-config-react-app: ^7.0.1
      mini-css-extract-plugin: ^2.4.5
      webpack-manifest-plugin: ^4.0.2
      css-minimizer-webpack-plugin: ^3.2.0
      babel-plugin-named-asset-import: ^0.3.8
      case-sensitive-paths-webpack-plugin: ^2.4.0
      '@pmmmwh/react-refresh-webpack-plugin': ^0.5.3
    peerDependencies:
      react: '>= 16'
      typescript: ^3.2.1 || ^4
    installPath: .mip/react-scripts/5.0.1
version: '1.0'
