packages:
  express@5.2.1:
    version: 5.2.1
    resolved: https://registry.npmjs.org/express/-/express-5.2.1.tgz
    dependencies:
      qs: ^6.14.0
      depd: ^2.0.0
      etag: ^1.8.1
      once: ^1.4.0
      send: ^1.1.0
      vary: ^1.1.2
      debug: ^4.4.0
      fresh: ^2.0.0
      cookie: ^0.7.1
      router: ^2.2.0
      accepts: ^2.0.0
      type-is: ^2.0.1
      parseurl: ^1.3.3
      statuses: ^2.0.1
      encodeurl: ^2.0.0
      mime-types: ^3.0.0
      proxy-addr: ^2.0.7
      body-parser: ^2.2.1
      escape-html: ^1.0.3
      http-errors: ^2.0.0
      on-finished: ^2.4.1
      content-type: ^1.0.5
      finalhandler: ^2.1.0
      range-parser: ^1.2.1
      serve-static: ^2.2.0
      cookie-signature: ^1.2.1
      merge-descriptors: ^2.0.0
      content-disposition: ^1.0.0
    peerDependencies: {}
    installPath: .mip/express/5.2.1
  qs@6.15.3:
    version: 6.15.3
    resolved: https://registry.npmjs.org/qs/-/qs-6.15.3.tgz
    dependencies:
      side-channel: ^1.1.1
      es-define-property: ^1.0.1
    peerDependencies: {}
    installPath: .mip/qs/6.15.3
  cookie-signature@1.2.2:
    version: 1.2.2
    resolved: https://registry.npmjs.org/cookie-signature/-/cookie-signature-1.2.2.tgz
    dependencies: {}
    peerDependencies: {}
    installPath: .mip/cookie-signature/1.2.2
  content-disposition@1.1.0:
    version: 1.1.0
    resolved: >-
      https://registry.npmjs.org/content-disposition/-/content-disposition-1.1.0.tgz
    dependencies: {}
    peerDependencies: {}
    installPath: .mip/content-disposition/1.1.0
  range-parser@1.2.1:
    version: 1.2.1
    resolved: https://registry.npmjs.org/range-parser/-/range-parser-1.2.1.tgz
    dependencies: {}
    peerDependencies: {}
    installPath: .mip/range-parser/1.2.1
  parseurl@1.3.3:
    version: 1.3.3
    resolved: https://registry.npmjs.org/parseurl/-/parseurl-1.3.3.tgz
    dependencies: {}
    peerDependencies: {}
    installPath: .mip/parseurl/1.3.3
  type-is@2.1.0:
    version: 2.1.0
    resolved: https://registry.npmjs.org/type-is/-/type-is-2.1.0.tgz
    dependencies:
      content-type: ^2.0.0
      media-typer: ^1.1.0
      mime-types: ^3.0.0
    peerDependencies: {}
    installPath: .mip/type-is/2.1.0
  escape-html@1.0.3:
    version: 1.0.3
    resolved: https://registry.npmjs.org/escape-html/-/escape-html-1.0.3.tgz
    dependencies: {}
    peerDependencies: {}
    installPath: .mip/escape-html/1.0.3
  encodeurl@2.0.0:
    version: 2.0.0
    resolved: https://registry.npmjs.org/encodeurl/-/encodeurl-2.0.0.tgz
    dependencies: {}
    peerDependencies: {}
    installPath: .mip/encodeurl/2.0.0
  vary@1.1.2:
    version: 1.1.2
    resolved: https://registry.npmjs.org/vary/-/vary-1.1.2.tgz
    dependencies: {}
    peerDependencies: {}
    installPath: .mip/vary/1.1.2
  once@1.4.0:
    version: 1.4.0
    resolved: https://registry.npmjs.org/once/-/once-1.4.0.tgz
    dependencies:
      wrappy: '1'
    peerDependencies: {}
    installPath: .mip/once/1.4.0
  merge-descriptors@2.0.0:
    version: 2.0.0
    resolved: https://registry.npmjs.org/merge-descriptors/-/merge-descriptors-2.0.0.tgz
    dependencies: {}
    peerDependencies: {}
    installPath: .mip/merge-descriptors/2.0.0
  side-channel@1.1.1:
    version: 1.1.1
    resolved: https://registry.npmjs.org/side-channel/-/side-channel-1.1.1.tgz
    dependencies:
      es-errors: ^1.3.0
      object-inspect: ^1.13.4
      side-channel-list: ^1.0.1
      side-channel-map: ^1.0.1
      side-channel-weakmap: ^1.0.2
    peerDependencies: {}
    installPath: .mip/side-channel/1.1.1
  fresh@2.0.0:
    version: 2.0.0
    resolved: https://registry.npmjs.org/fresh/-/fresh-2.0.0.tgz
    dependencies: {}
    peerDependencies: {}
    installPath: .mip/fresh/2.0.0
  content-type@1.0.5:
    version: 1.0.5
    resolved: https://registry.npmjs.org/content-type/-/content-type-1.0.5.tgz
    dependencies: {}
    peerDependencies: {}
    installPath: .mip/content-type/1.0.5
  etag@1.8.1:
    version: 1.8.1
    resolved: https://registry.npmjs.org/etag/-/etag-1.8.1.tgz
    dependencies: {}
    peerDependencies: {}
    installPath: .mip/etag/1.8.1
  on-finished@2.4.1:
    version: 2.4.1
    resolved: https://registry.npmjs.org/on-finished/-/on-finished-2.4.1.tgz
    dependencies:
      ee-first: 1.1.1
    peerDependencies: {}
    installPath: .mip/on-finished/2.4.1
  statuses@2.0.2:
    version: 2.0.2
    resolved: https://registry.npmjs.org/statuses/-/statuses-2.0.2.tgz
    dependencies: {}
    peerDependencies: {}
    installPath: .mip/statuses/2.0.2
  es-define-property@1.0.1:
    version: 1.0.1
    resolved: >-
      https://registry.npmjs.org/es-define-property/-/es-define-property-1.0.1.tgz
    dependencies: {}
    peerDependencies: {}
    installPath: .mip/es-define-property/1.0.1
  depd@2.0.0:
    version: 2.0.0
    resolved: https://registry.npmjs.org/depd/-/depd-2.0.0.tgz
    dependencies: {}
    peerDependencies: {}
    installPath: .mip/depd/2.0.0
  wrappy@1.0.2:
    version: 1.0.2
    resolved: https://registry.npmjs.org/wrappy/-/wrappy-1.0.2.tgz
    dependencies: {}
    peerDependencies: {}
    installPath: .mip/wrappy/1.0.2
  content-type@2.0.0:
    version: 2.0.0
    resolved: https://registry.npmjs.org/content-type/-/content-type-2.0.0.tgz
    dependencies: {}
    peerDependencies: {}
    installPath: .mip/content-type/2.0.0
  side-channel-map@1.0.1:
    version: 1.0.1
    resolved: https://registry.npmjs.org/side-channel-map/-/side-channel-map-1.0.1.tgz
    dependencies:
      call-bound: ^1.0.2
      es-errors: ^1.3.0
      get-intrinsic: ^1.2.5
      object-inspect: ^1.13.3
    peerDependencies: {}
    installPath: .mip/side-channel-map/1.0.1
  side-channel-weakmap@1.0.2:
    version: 1.0.2
    resolved: >-
      https://registry.npmjs.org/side-channel-weakmap/-/side-channel-weakmap-1.0.2.tgz
    dependencies:
      call-bound: ^1.0.2
      es-errors: ^1.3.0
      get-intrinsic: ^1.2.5
      object-inspect: ^1.13.3
      side-channel-map: ^1.0.1
    peerDependencies: {}
    installPath: .mip/side-channel-weakmap/1.0.2
  side-channel-list@1.0.1:
    version: 1.0.1
    resolved: https://registry.npmjs.org/side-channel-list/-/side-channel-list-1.0.1.tgz
    dependencies:
      es-errors: ^1.3.0
      object-inspect: ^1.13.4
    peerDependencies: {}
    installPath: .mip/side-channel-list/1.0.1
  accepts@2.0.0:
    version: 2.0.0
    resolved: https://registry.npmjs.org/accepts/-/accepts-2.0.0.tgz
    dependencies:
      mime-types: ^3.0.0
      negotiator: ^1.0.0
    peerDependencies: {}
    installPath: .mip/accepts/2.0.0
  media-typer@1.1.0:
    version: 1.1.0
    resolved: https://registry.npmjs.org/media-typer/-/media-typer-1.1.0.tgz
    dependencies: {}
    peerDependencies: {}
    installPath: .mip/media-typer/1.1.0
  es-errors@1.3.0:
    version: 1.3.0
    resolved: https://registry.npmjs.org/es-errors/-/es-errors-1.3.0.tgz
    dependencies: {}
    peerDependencies: {}
    installPath: .mip/es-errors/1.3.0
  proxy-addr@2.0.7:
    version: 2.0.7
    resolved: https://registry.npmjs.org/proxy-addr/-/proxy-addr-2.0.7.tgz
    dependencies:
      forwarded: 0.2.0
      ipaddr.js: 1.9.1
    peerDependencies: {}
    installPath: .mip/proxy-addr/2.0.7
  finalhandler@2.1.1:
    version: 2.1.1
    resolved: https://registry.npmjs.org/finalhandler/-/finalhandler-2.1.1.tgz
    dependencies:
      debug: ^4.4.0
      encodeurl: ^2.0.0
      escape-html: ^1.0.3
      on-finished: ^2.4.1
      parseurl: ^1.3.3
      statuses: ^2.0.1
    peerDependencies: {}
    installPath: .mip/finalhandler/2.1.1
  cookie@0.7.2:
    version: 0.7.2
    resolved: https://registry.npmjs.org/cookie/-/cookie-0.7.2.tgz
    dependencies: {}
    peerDependencies: {}
    installPath: .mip/cookie/0.7.2
  ee-first@1.1.1:
    version: 1.1.1
    resolved: https://registry.npmjs.org/ee-first/-/ee-first-1.1.1.tgz
    dependencies: {}
    peerDependencies: {}
    installPath: .mip/ee-first/1.1.1
  router@2.2.0:
    version: 2.2.0
    resolved: https://registry.npmjs.org/router/-/router-2.2.0.tgz
    dependencies:
      debug: ^4.4.0
      depd: ^2.0.0
      is-promise: ^4.0.0
      parseurl: ^1.3.3
      path-to-regexp: ^8.0.0
    peerDependencies: {}
    installPath: .mip/router/2.2.0
  call-bound@1.0.4:
    version: 1.0.4
    resolved: https://registry.npmjs.org/call-bound/-/call-bound-1.0.4.tgz
    dependencies:
      call-bind-apply-helpers: ^1.0.2
      get-intrinsic: ^1.3.0
    peerDependencies: {}
    installPath: .mip/call-bound/1.0.4
  serve-static@2.2.1:
    version: 2.2.1
    resolved: https://registry.npmjs.org/serve-static/-/serve-static-2.2.1.tgz
    dependencies:
      encodeurl: ^2.0.0
      escape-html: ^1.0.3
      parseurl: ^1.3.3
      send: ^1.2.0
    peerDependencies: {}
    installPath: .mip/serve-static/2.2.1
  http-errors@2.0.1:
    version: 2.0.1
    resolved: https://registry.npmjs.org/http-errors/-/http-errors-2.0.1.tgz
    dependencies:
      depd: ~2.0.0
      inherits: ~2.0.4
      setprototypeof: ~1.2.0
      statuses: ~2.0.2
      toidentifier: ~1.0.1
    peerDependencies: {}
    installPath: .mip/http-errors/2.0.1
  send@1.2.1:
    version: 1.2.1
    resolved: https://registry.npmjs.org/send/-/send-1.2.1.tgz
    dependencies:
      debug: ^4.4.3
      encodeurl: ^2.0.0
      escape-html: ^1.0.3
      etag: ^1.8.1
      fresh: ^2.0.0
      http-errors: ^2.0.1
      mime-types: ^3.0.2
      ms: ^2.1.3
      on-finished: ^2.4.1
      range-parser: ^1.2.1
      statuses: ^2.0.2
    peerDependencies: {}
    installPath: .mip/send/1.2.1
  get-intrinsic@1.3.1:
    version: 1.3.1
    resolved: https://registry.npmjs.org/get-intrinsic/-/get-intrinsic-1.3.1.tgz
    dependencies:
      gopd: ^1.2.0
      hasown: ^2.0.2
      es-errors: ^1.3.0
      get-proto: ^1.0.1
      has-symbols: ^1.1.0
      function-bind: ^1.1.2
      async-function: ^1.0.0
      es-object-atoms: ^1.1.1
      math-intrinsics: ^1.1.0
      es-define-property: ^1.0.1
      generator-function: ^2.0.0
      call-bind-apply-helpers: ^1.0.2
      async-generator-function: ^1.0.0
    peerDependencies: {}
    installPath: .mip/get-intrinsic/1.3.1
  call-bind-apply-helpers@1.0.2:
    version: 1.0.2
    resolved: >-
      https://registry.npmjs.org/call-bind-apply-helpers/-/call-bind-apply-helpers-1.0.2.tgz
    dependencies:
      es-errors: ^1.3.0
      function-bind: ^1.1.2
    peerDependencies: {}
    installPath: .mip/call-bind-apply-helpers/1.0.2
  mime-types@3.0.2:
    version: 3.0.2
    resolved: https://registry.npmjs.org/mime-types/-/mime-types-3.0.2.tgz
    dependencies:
      mime-db: ^1.54.0
    peerDependencies: {}
    installPath: .mip/mime-types/3.0.2
  is-promise@4.0.0:
    version: 4.0.0
    resolved: https://registry.npmjs.org/is-promise/-/is-promise-4.0.0.tgz
    dependencies: {}
    peerDependencies: {}
    installPath: .mip/is-promise/4.0.0
  forwarded@0.2.0:
    version: 0.2.0
    resolved: https://registry.npmjs.org/forwarded/-/forwarded-0.2.0.tgz
    dependencies: {}
    peerDependencies: {}
    installPath: .mip/forwarded/0.2.0
  toidentifier@1.0.1:
    version: 1.0.1
    resolved: https://registry.npmjs.org/toidentifier/-/toidentifier-1.0.1.tgz
    dependencies: {}
    peerDependencies: {}
    installPath: .mip/toidentifier/1.0.1
  inherits@2.0.4:
    version: 2.0.4
    resolved: https://registry.npmjs.org/inherits/-/inherits-2.0.4.tgz
    dependencies: {}
    peerDependencies: {}
    installPath: .mip/inherits/2.0.4
  setprototypeof@1.2.0:
    version: 1.2.0
    resolved: https://registry.npmjs.org/setprototypeof/-/setprototypeof-1.2.0.tgz
    dependencies: {}
    peerDependencies: {}
    installPath: .mip/setprototypeof/1.2.0
  async-function@1.0.0:
    version: 1.0.0
    resolved: https://registry.npmjs.org/async-function/-/async-function-1.0.0.tgz
    dependencies: {}
    peerDependencies: {}
    installPath: .mip/async-function/1.0.0
  get-proto@1.0.1:
    version: 1.0.1
    resolved: https://registry.npmjs.org/get-proto/-/get-proto-1.0.1.tgz
    dependencies:
      dunder-proto: ^1.0.1
      es-object-atoms: ^1.0.0
    peerDependencies: {}
    installPath: .mip/get-proto/1.0.1
  object-inspect@1.13.4:
    version: 1.13.4
    resolved: https://registry.npmjs.org/object-inspect/-/object-inspect-1.13.4.tgz
    dependencies: {}
    peerDependencies: {}
    installPath: .mip/object-inspect/1.13.4
  function-bind@1.1.2:
    version: 1.1.2
    resolved: https://registry.npmjs.org/function-bind/-/function-bind-1.1.2.tgz
    dependencies: {}
    peerDependencies: {}
    installPath: .mip/function-bind/1.1.2
  gopd@1.2.0:
    version: 1.2.0
    resolved: https://registry.npmjs.org/gopd/-/gopd-1.2.0.tgz
    dependencies: {}
    peerDependencies: {}
    installPath: .mip/gopd/1.2.0
  debug@4.4.3:
    version: 4.4.3
    resolved: https://registry.npmjs.org/debug/-/debug-4.4.3.tgz
    dependencies:
      ms: ^2.1.3
    peerDependencies: {}
    installPath: .mip/debug/4.4.3
  negotiator@1.0.0:
    version: 1.0.0
    resolved: https://registry.npmjs.org/negotiator/-/negotiator-1.0.0.tgz
    dependencies: {}
    peerDependencies: {}
    installPath: .mip/negotiator/1.0.0
  hasown@2.0.4:
    version: 2.0.4
    resolved: https://registry.npmjs.org/hasown/-/hasown-2.0.4.tgz
    dependencies:
      function-bind: ^1.1.2
    peerDependencies: {}
    installPath: .mip/hasown/2.0.4
  has-symbols@1.1.0:
    version: 1.1.0
    resolved: https://registry.npmjs.org/has-symbols/-/has-symbols-1.1.0.tgz
    dependencies: {}
    peerDependencies: {}
    installPath: .mip/has-symbols/1.1.0
  dunder-proto@1.0.1:
    version: 1.0.1
    resolved: https://registry.npmjs.org/dunder-proto/-/dunder-proto-1.0.1.tgz
    dependencies:
      call-bind-apply-helpers: ^1.0.1
      es-errors: ^1.3.0
      gopd: ^1.2.0
    peerDependencies: {}
    installPath: .mip/dunder-proto/1.0.1
  generator-function@2.0.1:
    version: 2.0.1
    resolved: >-
      https://registry.npmjs.org/generator-function/-/generator-function-2.0.1.tgz
    dependencies: {}
    peerDependencies: {}
    installPath: .mip/generator-function/2.0.1
  math-intrinsics@1.1.0:
    version: 1.1.0
    resolved: https://registry.npmjs.org/math-intrinsics/-/math-intrinsics-1.1.0.tgz
    dependencies: {}
    peerDependencies: {}
    installPath: .mip/math-intrinsics/1.1.0
  async-generator-function@1.0.0:
    version: 1.0.0
    resolved: >-
      https://registry.npmjs.org/async-generator-function/-/async-generator-function-1.0.0.tgz
    dependencies: {}
    peerDependencies: {}
    installPath: .mip/async-generator-function/1.0.0
  body-parser@2.3.0:
    version: 2.3.0
    resolved: https://registry.npmjs.org/body-parser/-/body-parser-2.3.0.tgz
    dependencies:
      bytes: ^3.1.2
      content-type: ^2.0.0
      debug: ^4.4.3
      http-errors: ^2.0.1
      iconv-lite: ^0.7.2
      on-finished: ^2.4.1
      qs: ^6.15.2
      raw-body: ^3.0.2
      type-is: ^2.1.0
    peerDependencies: {}
    installPath: .mip/body-parser/2.3.0
  es-object-atoms@1.1.2:
    version: 1.1.2
    resolved: https://registry.npmjs.org/es-object-atoms/-/es-object-atoms-1.1.2.tgz
    dependencies:
      es-errors: ^1.3.0
    peerDependencies: {}
    installPath: .mip/es-object-atoms/1.1.2
  ipaddr.js@1.9.1:
    version: 1.9.1
    resolved: https://registry.npmjs.org/ipaddr.js/-/ipaddr.js-1.9.1.tgz
    dependencies: {}
    peerDependencies: {}
    installPath: .mip/ipaddr.js/1.9.1
  ms@2.1.3:
    version: 2.1.3
    resolved: https://registry.npmjs.org/ms/-/ms-2.1.3.tgz
    dependencies: {}
    peerDependencies: {}
    installPath: .mip/ms/2.1.3
  bytes@3.1.2:
    version: 3.1.2
    resolved: https://registry.npmjs.org/bytes/-/bytes-3.1.2.tgz
    dependencies: {}
    peerDependencies: {}
    installPath: .mip/bytes/3.1.2
  path-to-regexp@8.4.2:
    version: 8.4.2
    resolved: https://registry.npmjs.org/path-to-regexp/-/path-to-regexp-8.4.2.tgz
    dependencies: {}
    peerDependencies: {}
    installPath: .mip/path-to-regexp/8.4.2
  iconv-lite@0.7.2:
    version: 0.7.2
    resolved: https://registry.npmjs.org/iconv-lite/-/iconv-lite-0.7.2.tgz
    dependencies:
      safer-buffer: '>= 2.1.2 < 3.0.0'
    peerDependencies: {}
    installPath: .mip/iconv-lite/0.7.2
  raw-body@3.0.2:
    version: 3.0.2
    resolved: https://registry.npmjs.org/raw-body/-/raw-body-3.0.2.tgz
    dependencies:
      bytes: ~3.1.2
      unpipe: ~1.0.0
      iconv-lite: ~0.7.0
      http-errors: ~2.0.1
    peerDependencies: {}
    installPath: .mip/raw-body/3.0.2
  mime-db@1.54.0:
    version: 1.54.0
    resolved: https://registry.npmjs.org/mime-db/-/mime-db-1.54.0.tgz
    dependencies: {}
    peerDependencies: {}
    installPath: .mip/mime-db/1.54.0
  unpipe@1.0.0:
    version: 1.0.0
    resolved: https://registry.npmjs.org/unpipe/-/unpipe-1.0.0.tgz
    dependencies: {}
    peerDependencies: {}
    installPath: .mip/unpipe/1.0.0
  safer-buffer@2.1.2:
    version: 2.1.2
    resolved: https://registry.npmjs.org/safer-buffer/-/safer-buffer-2.1.2.tgz
    dependencies: {}
    peerDependencies: {}
    installPath: .mip/safer-buffer/2.1.2
  nodemon@3.1.14:
    version: 3.1.14
    resolved: https://registry.npmjs.org/nodemon/-/nodemon-3.1.14.tgz
    dependencies:
      debug: ^4
      touch: ^3.1.0
      semver: ^7.5.3
      chokidar: ^3.5.2
      minimatch: ^10.2.1
      undefsafe: ^2.0.5
      pstree.remy: ^1.1.8
      supports-color: ^5.5.0
      ignore-by-default: ^1.0.1
      simple-update-notifier: ^2.0.0
    peerDependencies: {}
    installPath: .mip/nodemon/3.1.14
  semver@7.8.5:
    version: 7.8.5
    resolved: https://registry.npmjs.org/semver/-/semver-7.8.5.tgz
    dependencies: {}
    peerDependencies: {}
    installPath: .mip/semver/7.8.5
  touch@3.1.1:
    version: 3.1.1
    resolved: https://registry.npmjs.org/touch/-/touch-3.1.1.tgz
    dependencies: {}
    peerDependencies: {}
    installPath: .mip/touch/3.1.1
  ignore-by-default@1.0.1:
    version: 1.0.1
    resolved: https://registry.npmjs.org/ignore-by-default/-/ignore-by-default-1.0.1.tgz
    dependencies: {}
    peerDependencies: {}
    installPath: .mip/ignore-by-default/1.0.1
  simple-update-notifier@2.0.0:
    version: 2.0.0
    resolved: >-
      https://registry.npmjs.org/simple-update-notifier/-/simple-update-notifier-2.0.0.tgz
    dependencies:
      semver: ^7.5.3
    peerDependencies: {}
    installPath: .mip/simple-update-notifier/2.0.0
  pstree.remy@1.1.8:
    version: 1.1.8
    resolved: https://registry.npmjs.org/pstree.remy/-/pstree.remy-1.1.8.tgz
    dependencies: {}
    peerDependencies: {}
    installPath: .mip/pstree.remy/1.1.8
  undefsafe@2.0.5:
    version: 2.0.5
    resolved: https://registry.npmjs.org/undefsafe/-/undefsafe-2.0.5.tgz
    dependencies: {}
    peerDependencies: {}
    installPath: .mip/undefsafe/2.0.5
version: '1.0'
